dependencies:
- name: patavi-server
  repository: https://registry.molgenis.org/repository/helm
  version: 0.2.1
- name: patavi-worker
  repository: https://registry.molgenis.org/repository/helm
  version: 0.2.2
- name: patavi-worker
  repository: https://registry.molgenis.org/repository/helm
  version: 0.2.2
- name: rabbitmq
  repository: https://charts.bitnami.com/bitnami
  version: 8.24.8
digest: sha256:fd2e02bc177b7f1cf8e065070cba20be0c5c6fd40f5288eb25f113e2fa6eb8fb
generated: "2021-12-01T21:29:32.193489+01:00"
