dependencies:
- name: patavi-server
  repository: https://registry.molgenis.org/repository/helm
  version: 0.4.0
- name: patavi-worker
  repository: https://registry.molgenis.org/repository/helm
  version: 0.2.2
- name: patavi-worker
  repository: https://registry.molgenis.org/repository/helm
  version: 0.2.2
- name: rabbitmq
  repository: https://charts.bitnami.com/bitnami
  version: 7.7.1
digest: sha256:983d7790b539c5ee676d6e10afa48e5c7bf5d72b6ed099ba6fc849bb93c6165d
generated: "2021-12-10T11:01:18.988645+01:00"
