dependencies:
- name: patavi-server
  repository: https://registry.molgenis.org/repository/helm
  version: 0.3.0
- name: patavi-worker
  repository: https://registry.molgenis.org/repository/helm
  version: 0.2.2
- name: patavi-worker
  repository: https://registry.molgenis.org/repository/helm
  version: 0.2.2
- name: rabbitmq
  repository: https://charts.bitnami.com/bitnami
  version: 8.24.8
digest: sha256:9005eaa71c5b953fc2a33a5d55c85ddcd83fa88c80fa1d734b335b22165586a9
generated: "2021-12-08T12:05:38.571518+01:00"
