dependencies:
- name: patavi-server
  repository: https://registry.molgenis.org/repository/helm
  version: 0.4.0
- name: patavi-worker
  repository: https://registry.molgenis.org/repository/helm
  version: 0.2.2
- name: patavi-worker
  repository: https://registry.molgenis.org/repository/helm
  version: 0.2.2
- name: rabbitmq
  repository: https://charts.bitnami.com/bitnami
  version: 8.24.8
digest: sha256:3734e4153c2a16351ff163aec7deea78cf3b75fb7dc7d14447a8453305330632
generated: "2021-12-09T14:11:04.060724+01:00"
