dependencies:
- name: addis-core
  repository: https://registry.molgenis.org/repository/helm
  version: 0.5.2
- name: jena-es
  repository: https://registry.molgenis.org/repository/helm
  version: 0.4.2
- name: nct-import
  repository: https://registry.molgenis.org/repository/helm
  version: 0.2.1
digest: sha256:53287615ba8ec4424457dfa9a87094961fb07bcc913037170da1464d0d0785b9
generated: "2022-09-08T15:33:57.371451+02:00"
