dependencies:
- name: addis-core
  repository: https://registry.molgenis.org/repository/helm
  version: 0.5.0
- name: jena-es
  repository: https://registry.molgenis.org/repository/helm
  version: 0.4.2
- name: nct-import
  repository: https://registry.molgenis.org/repository/helm
  version: 0.2.1
digest: sha256:4bbad4ee7f68bd9d03174218acabfb73dee4c3e5a1a2890882a70444e422ae1b
generated: "2021-12-20T12:10:52.513292+01:00"
