dependencies:
- name: addis-core
  repository: https://registry.molgenis.org/repository/helm
  version: 0.4.0
- name: jena-es
  repository: https://registry.molgenis.org/repository/helm
  version: 0.3.0
- name: nct-import
  repository: https://registry.molgenis.org/repository/helm
  version: 0.2.1
digest: sha256:961711e2ebd3eaa2578953545362d2f5a90e9cbbbdb6d0e498bcdf1f9214a47c
generated: "2021-12-08T12:14:42.686384+01:00"
