dependencies:
- name: postgresql
  repository: https://charts.bitnami.com/bitnami
  version: 9.6.0
- name: survey
  repository: https://registry.molgenis.org/repository/helm
  version: 0.1.4
digest: sha256:1f170b0d60416164ca8c6134e0ccde0ed38917ee269f2a482b24d288a9a71940
generated: "2021-12-24T10:43:45.27471+01:00"
