dependencies:
- name: postgresql
  repository: https://charts.bitnami.com/bitnami
  version: 9.6.0
- name: survey
  repository: https://registry.molgenis.org/repository/helm
  version: 0.1.1
digest: sha256:7ed30d48236e6e57d01327b90cd55f153e6bf7f3c4c798c1b3b714235d197375
generated: "2021-12-23T16:01:21.543077+01:00"
