dependencies:
- name: postgresql
  repository: https://charts.bitnami.com/bitnami
  version: 9.6.0
- name: survey
  repository: https://registry.molgenis.org/repository/helm
  version: 0.1.0
digest: sha256:ac5c5d221d0acf7c4cc7d3cf96fceb66970b76d8cd5d714ee3d12cc2fd232231
generated: "2021-12-17T14:01:33.380967+01:00"
